
Microsoft Visual Studio Solution File, Format Version 12.00
# Visual Studio Version 16
VisualStudioVersion = 16.0.30011.22
MinimumVisualStudioVersion = 10.0.40219.1
Project("{9A19103F-16F7-4668-BE54-9A1E7A4F7556}") = "UserLoginApi", "UserLoginApi.csproj", "{5445412D-7B9E-4F5B-B360-75F32483055C}"
EndProject
Global
	GlobalSection(SolutionConfigurationPlatforms) = preSolution
		Debug|Any CPU = Debug|Any CPU
		Release|Any CPU = Release|Any CPU
	EndGlobalSection
	GlobalSection(ProjectConfigurationPlatforms) = postSolution
		{5445412D-7B9E-4F5B-B360-75F32483055C}.Debug|Any CPU.ActiveCfg = Debug|Any CPU
		{5445412D-7B9E-4F5B-B360-75F32483055C}.Debug|Any CPU.Build.0 = Debug|Any CPU
		{5445412D-7B9E-4F5B-B360-75F32483055C}.Release|Any CPU.ActiveCfg = Release|Any CPU
		{5445412D-7B9E-4F5B-B360-75F32483055C}.Release|Any CPU.Build.0 = Release|Any CPU
	EndGlobalSection
	GlobalSection(SolutionProperties) = preSolution
		HideSolutionNode = FALSE
	EndGlobalSection
	GlobalSection(ExtensibilityGlobals) = postSolution
		SolutionGuid = {8A6BFD62-EEA5-4586-9825-FCF9A1C8DD03}
	EndGlobalSection
EndGlobal
